// !$*UTF8*$!
{
	archiveVersion = 1;
	classes = {
	};
	objectVersion = 56;
	objects = {

/* Begin PBXBuildFile section */
		7A0D10882A57EF0A000D3BA4 /* AppDelegate.swift in Sources */ = {isa = PBXBuildFile; fileRef = 7A0D10872A57EF0A000D3BA4 /* AppDelegate.swift */; };
		7A0D108A2A57EF0A000D3BA4 /* SceneDelegate.swift in Sources */ = {isa = PBXBuildFile; fileRef = 7A0D10892A57EF0A000D3BA4 /* SceneDelegate.swift */; };
		7A0D108C2A57EF0A000D3BA4 /* LoginViewController.swift in Sources */ = {isa = PBXBuildFile; fileRef = 7A0D108B2A57EF0A000D3BA4 /* LoginViewController.swift */; };
		7A0D108F2A57EF0A000D3BA4 /* Main.storyboard in Resources */ = {isa = PBXBuildFile; fileRef = 7A0D108D2A57EF0A000D3BA4 /* Main.storyboard */; };
		7A0D10912A57EF0C000D3BA4 /* Assets.xcassets in Resources */ = {isa = PBXBuildFile; fileRef = 7A0D10902A57EF0C000D3BA4 /* Assets.xcassets */; };
		7A0D10942A57EF0C000D3BA4 /* LaunchScreen.storyboard in Resources */ = {isa = PBXBuildFile; fileRef = 7A0D10922A57EF0C000D3BA4 /* LaunchScreen.storyboard */; };
		7AAAA0472A5821DA00F75E6D /* GoogleService-Info.plist in Resources */ = {isa = PBXBuildFile; fileRef = 7AAAA0462A5821D900F75E6D /* GoogleService-Info.plist */; };
		7AAAA04A2A58221400F75E6D /* FirebaseAuth in Frameworks */ = {isa = PBXBuildFile; productRef = 7AAAA0492A58221400F75E6D /* FirebaseAuth */; };
		7AAAA04C2A58221400F75E6D /* FirebaseDatabase in Frameworks */ = {isa = PBXBuildFile; productRef = 7AAAA04B2A58221400F75E6D /* FirebaseDatabase */; };
		7AAAA0532A582FDD00F75E6D /* LoginViewModel.swift in Sources */ = {isa = PBXBuildFile; fileRef = 7AAAA0522A582FDD00F75E6D /* LoginViewModel.swift */; };
		7AAAA0552A58300800F75E6D /* LoginModel.swift in Sources */ = {isa = PBXBuildFile; fileRef = 7AAAA0542A58300800F75E6D /* LoginModel.swift */; };
		7AAAA05C2A58483200F75E6D /* HomeViewModel.swift in Sources */ = {isa = PBXBuildFile; fileRef = 7AAAA05B2A58483200F75E6D /* HomeViewModel.swift */; };
		7AAAA0622A585FC800F75E6D /* HomeViewController.swift in Sources */ = {isa = PBXBuildFile; fileRef = 7AAAA0612A585FC800F75E6D /* HomeViewController.swift */; };
		7AAAA0642A58621500F75E6D /* HomeTableViewCell.swift in Sources */ = {isa = PBXBuildFile; fileRef = 7AAAA0632A58621500F75E6D /* HomeTableViewCell.swift */; };
		7AAAA0662A586EE800F75E6D /* ExpenseViewModel.swift in Sources */ = {isa = PBXBuildFile; fileRef = 7AAAA0652A586EE800F75E6D /* ExpenseViewModel.swift */; };
		7AAAA0692A586F1600F75E6D /* ExpenseViewController.swift in Sources */ = {isa = PBXBuildFile; fileRef = 7AAAA0682A586F1600F75E6D /* ExpenseViewController.swift */; };
		7AAAA06B2A58864F00F75E6D /* CurrencyViewModel.swift in Sources */ = {isa = PBXBuildFile; fileRef = 7AAAA06A2A58864F00F75E6D /* CurrencyViewModel.swift */; };
		7AAAA06E2A58867A00F75E6D /* CurrencyViewController.swift in Sources */ = {isa = PBXBuildFile; fileRef = 7AAAA06D2A58867A00F75E6D /* CurrencyViewController.swift */; };
		7AAAA0712A5887D200F75E6D /* Alamofire in Frameworks */ = {isa = PBXBuildFile; productRef = 7AAAA0702A5887D200F75E6D /* Alamofire */; };
		7AAAA0752A58A3B400F75E6D /* CurrencyModel.swift in Sources */ = {isa = PBXBuildFile; fileRef = 7AAAA0742A58A3B400F75E6D /* CurrencyModel.swift */; };
		7AAAA0772A58A42900F75E6D /* CurrencyService.swift in Sources */ = {isa = PBXBuildFile; fileRef = 7AAAA0762A58A42900F75E6D /* CurrencyService.swift */; };
		7AAAA0792A58A6BB00F75E6D /* CurrencyTableViewCell.swift in Sources */ = {isa = PBXBuildFile; fileRef = 7AAAA0782A58A6BB00F75E6D /* CurrencyTableViewCell.swift */; };
/* End PBXBuildFile section */

/* Begin PBXFileReference section */
		7A0D10842A57EF0A000D3BA4 /* MobileFinancialApp.app */ = {isa = PBXFileReference; explicitFileType = wrapper.application; includeInIndex = 0; path = MobileFinancialApp.app; sourceTree = BUILT_PRODUCTS_DIR; };
		7A0D10872A57EF0A000D3BA4 /* AppDelegate.swift */ = {isa = PBXFileReference; lastKnownFileType = sourcecode.swift; path = AppDelegate.swift; sourceTree = "<group>"; };
		7A0D10892A57EF0A000D3BA4 /* SceneDelegate.swift */ = {isa = PBXFileReference; lastKnownFileType = sourcecode.swift; path = SceneDelegate.swift; sourceTree = "<group>"; };
		7A0D108B2A57EF0A000D3BA4 /* LoginViewController.swift */ = {isa = PBXFileReference; lastKnownFileType = sourcecode.swift; path = LoginViewController.swift; sourceTree = "<group>"; };
		7A0D108E2A57EF0A000D3BA4 /* Base */ = {isa = PBXFileReference; lastKnownFileType = file.storyboard; name = Base; path = Base.lproj/Main.storyboard; sourceTree = "<group>"; };
		7A0D10902A57EF0C000D3BA4 /* Assets.xcassets */ = {isa = PBXFileReference; lastKnownFileType = folder.assetcatalog; path = Assets.xcassets; sourceTree = "<group>"; };
		7A0D10932A57EF0C000D3BA4 /* Base */ = {isa = PBXFileReference; lastKnownFileType = file.storyboard; name = Base; path = Base.lproj/LaunchScreen.storyboard; sourceTree = "<group>"; };
		7A0D10952A57EF0C000D3BA4 /* Info.plist */ = {isa = PBXFileReference; lastKnownFileType = text.plist.xml; path = Info.plist; sourceTree = "<group>"; };
		7AAAA0462A5821D900F75E6D /* GoogleService-Info.plist */ = {isa = PBXFileReference; fileEncoding = 4; lastKnownFileType = text.plist.xml; path = "GoogleService-Info.plist"; sourceTree = "<group>"; };
		7AAAA0522A582FDD00F75E6D /* LoginViewModel.swift */ = {isa = PBXFileReference; lastKnownFileType = sourcecode.swift; path = LoginViewModel.swift; sourceTree = "<group>"; };
		7AAAA0542A58300800F75E6D /* LoginModel.swift */ = {isa = PBXFileReference; lastKnownFileType = sourcecode.swift; path = LoginModel.swift; sourceTree = "<group>"; };
		7AAAA05B2A58483200F75E6D /* HomeViewModel.swift */ = {isa = PBXFileReference; lastKnownFileType = sourcecode.swift; path = HomeViewModel.swift; sourceTree = "<group>"; };
		7AAAA0612A585FC800F75E6D /* HomeViewController.swift */ = {isa = PBXFileReference; lastKnownFileType = sourcecode.swift; path = HomeViewController.swift; sourceTree = "<group>"; };
		7AAAA0632A58621500F75E6D /* HomeTableViewCell.swift */ = {isa = PBXFileReference; lastKnownFileType = sourcecode.swift; path = HomeTableViewCell.swift; sourceTree = "<group>"; };
		7AAAA0652A586EE800F75E6D /* ExpenseViewModel.swift */ = {isa = PBXFileReference; lastKnownFileType = sourcecode.swift; path = ExpenseViewModel.swift; sourceTree = "<group>"; };
		7AAAA0682A586F1600F75E6D /* ExpenseViewController.swift */ = {isa = PBXFileReference; lastKnownFileType = sourcecode.swift; path = ExpenseViewController.swift; sourceTree = "<group>"; };
		7AAAA06A2A58864F00F75E6D /* CurrencyViewModel.swift */ = {isa = PBXFileReference; lastKnownFileType = sourcecode.swift; path = CurrencyViewModel.swift; sourceTree = "<group>"; };
		7AAAA06D2A58867A00F75E6D /* CurrencyViewController.swift */ = {isa = PBXFileReference; lastKnownFileType = sourcecode.swift; path = CurrencyViewController.swift; sourceTree = "<group>"; };
		7AAAA0742A58A3B400F75E6D /* CurrencyModel.swift */ = {isa = PBXFileReference; lastKnownFileType = sourcecode.swift; path = CurrencyModel.swift; sourceTree = "<group>"; };
		7AAAA0762A58A42900F75E6D /* CurrencyService.swift */ = {isa = PBXFileReference; lastKnownFileType = sourcecode.swift; path = CurrencyService.swift; sourceTree = "<group>"; };
		7AAAA0782A58A6BB00F75E6D /* CurrencyTableViewCell.swift */ = {isa = PBXFileReference; lastKnownFileType = sourcecode.swift; path = CurrencyTableViewCell.swift; sourceTree = "<group>"; };
/* End PBXFileReference section */

/* Begin PBXFrameworksBuildPhase section */
		7A0D10812A57EF0A000D3BA4 /* Frameworks */ = {
			isa = PBXFrameworksBuildPhase;
			buildActionMask = 2147483647;
			files = (
				7AAAA0712A5887D200F75E6D /* Alamofire in Frameworks */,
				7AAAA04C2A58221400F75E6D /* FirebaseDatabase in Frameworks */,
				7AAAA04A2A58221400F75E6D /* FirebaseAuth in Frameworks */,
			);
			runOnlyForDeploymentPostprocessing = 0;
		};
/* End PBXFrameworksBuildPhase section */

/* Begin PBXGroup section */
		7A0D107B2A57EF0A000D3BA4 = {
			isa = PBXGroup;
			children = (
				7A0D10862A57EF0A000D3BA4 /* MobileFinancialApp */,
				7A0D10852A57EF0A000D3BA4 /* Products */,
			);
			sourceTree = "<group>";
		};
		7A0D10852A57EF0A000D3BA4 /* Products */ = {
			isa = PBXGroup;
			children = (
				7A0D10842A57EF0A000D3BA4 /* MobileFinancialApp.app */,
			);
			name = Products;
			sourceTree = "<group>";
		};
		7A0D10862A57EF0A000D3BA4 /* MobileFinancialApp */ = {
			isa = PBXGroup;
			children = (
				7AAAA04D2A5823D500F75E6D /* Service */,
				7AAAA0502A58247D00F75E6D /* Model */,
				7AAAA04F2A58244700F75E6D /* View */,
				7A0D108D2A57EF0A000D3BA4 /* Main.storyboard */,
				7AAAA04E2A5823DC00F75E6D /* ViewModel */,
				7A0D10872A57EF0A000D3BA4 /* AppDelegate.swift */,
				7A0D10892A57EF0A000D3BA4 /* SceneDelegate.swift */,
				7A0D10902A57EF0C000D3BA4 /* Assets.xcassets */,
				7A0D10922A57EF0C000D3BA4 /* LaunchScreen.storyboard */,
				7A0D10952A57EF0C000D3BA4 /* Info.plist */,
				7AAAA0462A5821D900F75E6D /* GoogleService-Info.plist */,
			);
			path = MobileFinancialApp;
			sourceTree = "<group>";
		};
		7AAAA04D2A5823D500F75E6D /* Service */ = {
			isa = PBXGroup;
			children = (
				7AAAA0762A58A42900F75E6D /* CurrencyService.swift */,
			);
			path = Service;
			sourceTree = "<group>";
		};
		7AAAA04E2A5823DC00F75E6D /* ViewModel */ = {
			isa = PBXGroup;
			children = (
				7AAAA0522A582FDD00F75E6D /* LoginViewModel.swift */,
				7AAAA05B2A58483200F75E6D /* HomeViewModel.swift */,
				7AAAA0652A586EE800F75E6D /* ExpenseViewModel.swift */,
				7AAAA06A2A58864F00F75E6D /* CurrencyViewModel.swift */,
			);
			path = ViewModel;
			sourceTree = "<group>";
		};
		7AAAA04F2A58244700F75E6D /* View */ = {
			isa = PBXGroup;
			children = (
				7AAAA06C2A58866900F75E6D /* CurrencyPage */,
				7AAAA0672A586EF400F75E6D /* ExpensePage */,
				7AAAA0562A58477600F75E6D /* HomePage */,
				7AAAA0512A58249900F75E6D /* LoginPage */,
			);
			path = View;
			sourceTree = "<group>";
		};
		7AAAA0502A58247D00F75E6D /* Model */ = {
			isa = PBXGroup;
			children = (
				7AAAA0542A58300800F75E6D /* LoginModel.swift */,
				7AAAA0742A58A3B400F75E6D /* CurrencyModel.swift */,
			);
			path = Model;
			sourceTree = "<group>";
		};
		7AAAA0512A58249900F75E6D /* LoginPage */ = {
			isa = PBXGroup;
			children = (
				7A0D108B2A57EF0A000D3BA4 /* LoginViewController.swift */,
			);
			path = LoginPage;
			sourceTree = "<group>";
		};
		7AAAA0562A58477600F75E6D /* HomePage */ = {
			isa = PBXGroup;
			children = (
				7AAAA0612A585FC800F75E6D /* HomeViewController.swift */,
				7AAAA0632A58621500F75E6D /* HomeTableViewCell.swift */,
			);
			path = HomePage;
			sourceTree = "<group>";
		};
		7AAAA0672A586EF400F75E6D /* ExpensePage */ = {
			isa = PBXGroup;
			children = (
				7AAAA0682A586F1600F75E6D /* ExpenseViewController.swift */,
			);
			path = ExpensePage;
			sourceTree = "<group>";
		};
		7AAAA06C2A58866900F75E6D /* CurrencyPage */ = {
			isa = PBXGroup;
			children = (
				7AAAA06D2A58867A00F75E6D /* CurrencyViewController.swift */,
				7AAAA0782A58A6BB00F75E6D /* CurrencyTableViewCell.swift */,
			);
			path = CurrencyPage;
			sourceTree = "<group>";
		};
/* End PBXGroup section */

/* Begin PBXNativeTarget section */
		7A0D10832A57EF0A000D3BA4 /* MobileFinancialApp */ = {
			isa = PBXNativeTarget;
			buildConfigurationList = 7A0D10982A57EF0C000D3BA4 /* Build configuration list for PBXNativeTarget "MobileFinancialApp" */;
			buildPhases = (
				7A0D10802A57EF0A000D3BA4 /* Sources */,
				7A0D10812A57EF0A000D3BA4 /* Frameworks */,
				7A0D10822A57EF0A000D3BA4 /* Resources */,
			);
			buildRules = (
			);
			dependencies = (
			);
			name = MobileFinancialApp;
			packageProductDependencies = (
				7AAAA0492A58221400F75E6D /* FirebaseAuth */,
				7AAAA04B2A58221400F75E6D /* FirebaseDatabase */,
				7AAAA0702A5887D200F75E6D /* Alamofire */,
			);
			productName = MobileFinancialApp;
			productReference = 7A0D10842A57EF0A000D3BA4 /* MobileFinancialApp.app */;
			productType = "com.apple.product-type.application";
		};
/* End PBXNativeTarget section */

/* Begin PBXProject section */
		7A0D107C2A57EF0A000D3BA4 /* Project object */ = {
			isa = PBXProject;
			attributes = {
				BuildIndependentTargetsInParallel = 1;
				LastSwiftUpdateCheck = 1400;
				LastUpgradeCheck = 1400;
				TargetAttributes = {
					7A0D10832A57EF0A000D3BA4 = {
						CreatedOnToolsVersion = 14.0.1;
					};
				};
			};
			buildConfigurationList = 7A0D107F2A57EF0A000D3BA4 /* Build configuration list for PBXProject "MobileFinancialApp" */;
			compatibilityVersion = "Xcode 14.0";
			developmentRegion = en;
			hasScannedForEncodings = 0;
			knownRegions = (
				en,
				Base,
			);
			mainGroup = 7A0D107B2A57EF0A000D3BA4;
			packageReferences = (
				7AAAA0482A58221400F75E6D /* XCRemoteSwiftPackageReference "firebase-ios-sdk" */,
				7AAAA06F2A5887D200F75E6D /* XCRemoteSwiftPackageReference "Alamofire" */,
			);
			productRefGroup = 7A0D10852A57EF0A000D3BA4 /* Products */;
			projectDirPath = "";
			projectRoot = "";
			targets = (
				7A0D10832A57EF0A000D3BA4 /* MobileFinancialApp */,
			);
		};
/* End PBXProject section */

/* Begin PBXResourcesBuildPhase section */
		7A0D10822A57EF0A000D3BA4 /* Resources */ = {
			isa = PBXResourcesBuildPhase;
			buildActionMask = 2147483647;
			files = (
				7A0D10942A57EF0C000D3BA4 /* LaunchScreen.storyboard in Resources */,
				7AAAA0472A5821DA00F75E6D /* GoogleService-Info.plist in Resources */,
				7A0D10912A57EF0C000D3BA4 /* Assets.xcassets in Resources */,
				7A0D108F2A57EF0A000D3BA4 /* Main.storyboard in Resources */,
			);
			runOnlyForDeploymentPostprocessing = 0;
		};
/* End PBXResourcesBuildPhase section */

/* Begin PBXSourcesBuildPhase section */
		7A0D10802A57EF0A000D3BA4 /* Sources */ = {
			isa = PBXSourcesBuildPhase;
			buildActionMask = 2147483647;
			files = (
				7AAAA0752A58A3B400F75E6D /* CurrencyModel.swift in Sources */,
				7AAAA0552A58300800F75E6D /* LoginModel.swift in Sources */,
				7AAAA06E2A58867A00F75E6D /* CurrencyViewController.swift in Sources */,
				7AAAA06B2A58864F00F75E6D /* CurrencyViewModel.swift in Sources */,
				7AAAA0792A58A6BB00F75E6D /* CurrencyTableViewCell.swift in Sources */,
				7AAAA0772A58A42900F75E6D /* CurrencyService.swift in Sources */,
				7AAAA0662A586EE800F75E6D /* ExpenseViewModel.swift in Sources */,
				7AAAA0532A582FDD00F75E6D /* LoginViewModel.swift in Sources */,
				7AAAA0622A585FC800F75E6D /* HomeViewController.swift in Sources */,
				7AAAA05C2A58483200F75E6D /* HomeViewModel.swift in Sources */,
				7A0D108C2A57EF0A000D3BA4 /* LoginViewController.swift in Sources */,
				7A0D10882A57EF0A000D3BA4 /* AppDelegate.swift in Sources */,
				7AAAA0692A586F1600F75E6D /* ExpenseViewController.swift in Sources */,
				7AAAA0642A58621500F75E6D /* HomeTableViewCell.swift in Sources */,
				7A0D108A2A57EF0A000D3BA4 /* SceneDelegate.swift in Sources */,
			);
			runOnlyForDeploymentPostprocessing = 0;
		};
/* End PBXSourcesBuildPhase section */

/* Begin PBXVariantGroup section */
		7A0D108D2A57EF0A000D3BA4 /* Main.storyboard */ = {
			isa = PBXVariantGroup;
			children = (
				7A0D108E2A57EF0A000D3BA4 /* Base */,
			);
			name = Main.storyboard;
			sourceTree = "<group>";
		};
		7A0D10922A57EF0C000D3BA4 /* LaunchScreen.storyboard */ = {
			isa = PBXVariantGroup;
			children = (
				7A0D10932A57EF0C000D3BA4 /* Base */,
			);
			name = LaunchScreen.storyboard;
			sourceTree = "<group>";
		};
/* End PBXVariantGroup section */

/* Begin XCBuildConfiguration section */
		7A0D10962A57EF0C000D3BA4 /* Debug */ = {
			isa = XCBuildConfiguration;
			buildSettings = {
				ALWAYS_SEARCH_USER_PATHS = NO;
				CLANG_ANALYZER_NONNULL = YES;
				CLANG_ANALYZER_NUMBER_OBJECT_CONVERSION = YES_AGGRESSIVE;
				CLANG_CXX_LANGUAGE_STANDARD = "gnu++20";
				CLANG_ENABLE_MODULES = YES;
				CLANG_ENABLE_OBJC_ARC = YES;
				CLANG_ENABLE_OBJC_WEAK = YES;
				CLANG_WARN_BLOCK_CAPTURE_AUTORELEASING = YES;
				CLANG_WARN_BOOL_CONVERSION = YES;
				CLANG_WARN_COMMA = YES;
				CLANG_WARN_CONSTANT_CONVERSION = YES;
				CLANG_WARN_DEPRECATED_OBJC_IMPLEMENTATIONS = YES;
				CLANG_WARN_DIRECT_OBJC_ISA_USAGE = YES_ERROR;
				CLANG_WARN_DOCUMENTATION_COMMENTS = YES;
				CLANG_WARN_EMPTY_BODY = YES;
				CLANG_WARN_ENUM_CONVERSION = YES;
				CLANG_WARN_INFINITE_RECURSION = YES;
				CLANG_WARN_INT_CONVERSION = YES;
				CLANG_WARN_NON_LITERAL_NULL_CONVERSION = YES;
				CLANG_WARN_OBJC_IMPLICIT_RETAIN_SELF = YES;
				CLANG_WARN_OBJC_LITERAL_CONVERSION = YES;
				CLANG_WARN_OBJC_ROOT_CLASS = YES_ERROR;
				CLANG_WARN_QUOTED_INCLUDE_IN_FRAMEWORK_HEADER = YES;
				CLANG_WARN_RANGE_LOOP_ANALYSIS = YES;
				CLANG_WARN_STRICT_PROTOTYPES = YES;
				CLANG_WARN_SUSPICIOUS_MOVE = YES;
				CLANG_WARN_UNGUARDED_AVAILABILITY = YES_AGGRESSIVE;
				CLANG_WARN_UNREACHABLE_CODE = YES;
				CLANG_WARN__DUPLICATE_METHOD_MATCH = YES;
				COPY_PHASE_STRIP = NO;
				DEBUG_INFORMATION_FORMAT = dwarf;
				ENABLE_STRICT_OBJC_MSGSEND = YES;
				ENABLE_TESTABILITY = YES;
				GCC_C_LANGUAGE_STANDARD = gnu11;
				GCC_DYNAMIC_NO_PIC = NO;
				GCC_NO_COMMON_BLOCKS = YES;
				GCC_OPTIMIZATION_LEVEL = 0;
				GCC_PREPROCESSOR_DEFINITIONS = (
					"DEBUG=1",
					"$(inherited)",
				);
				GCC_WARN_64_TO_32_BIT_CONVERSION = YES;
				GCC_WARN_ABOUT_RETURN_TYPE = YES_ERROR;
				GCC_WARN_UNDECLARED_SELECTOR = YES;
				GCC_WARN_UNINITIALIZED_AUTOS = YES_AGGRESSIVE;
				GCC_WARN_UNUSED_FUNCTION = YES;
				GCC_WARN_UNUSED_VARIABLE = YES;
				IPHONEOS_DEPLOYMENT_TARGET = 16.0;
				MTL_ENABLE_DEBUG_INFO = INCLUDE_SOURCE;
				MTL_FAST_MATH = YES;
				ONLY_ACTIVE_ARCH = YES;
				SDKROOT = iphoneos;
				SWIFT_ACTIVE_COMPILATION_CONDITIONS = DEBUG;
				SWIFT_OPTIMIZATION_LEVEL = "-Onone";
			};
			name = Debug;
		};
		7A0D10972A57EF0C000D3BA4 /* Release */ = {
			isa = XCBuildConfiguration;
			buildSettings = {
				ALWAYS_SEARCH_USER_PATHS = NO;
				CLANG_ANALYZER_NONNULL = YES;
				CLANG_ANALYZER_NUMBER_OBJECT_CONVERSION = YES_AGGRESSIVE;
				CLANG_CXX_LANGUAGE_STANDARD = "gnu++20";
				CLANG_ENABLE_MODULES = YES;
				CLANG_ENABLE_OBJC_ARC = YES;
				CLANG_ENABLE_OBJC_WEAK = YES;
				CLANG_WARN_BLOCK_CAPTURE_AUTORELEASING = YES;
				CLANG_WARN_BOOL_CONVERSION = YES;
				CLANG_WARN_COMMA = YES;
				CLANG_WARN_CONSTANT_CONVERSION = YES;
				CLANG_WARN_DEPRECATED_OBJC_IMPLEMENTATIONS = YES;
				CLANG_WARN_DIRECT_OBJC_ISA_USAGE = YES_ERROR;
				CLANG_WARN_DOCUMENTATION_COMMENTS = YES;
				CLANG_WARN_EMPTY_BODY = YES;
				CLANG_WARN_ENUM_CONVERSION = YES;
				CLANG_WARN_INFINITE_RECURSION = YES;
				CLANG_WARN_INT_CONVERSION = YES;
				CLANG_WARN_NON_LITERAL_NULL_CONVERSION = YES;
				CLANG_WARN_OBJC_IMPLICIT_RETAIN_SELF = YES;
				CLANG_WARN_OBJC_LITERAL_CONVERSION = YES;
				CLANG_WARN_OBJC_ROOT_CLASS = YES_ERROR;
				CLANG_WARN_QUOTED_INCLUDE_IN_FRAMEWORK_HEADER = YES;
				CLANG_WARN_RANGE_LOOP_ANALYSIS = YES;
				CLANG_WARN_STRICT_PROTOTYPES = YES;
				CLANG_WARN_SUSPICIOUS_MOVE = YES;
				CLANG_WARN_UNGUARDED_AVAILABILITY = YES_AGGRESSIVE;
				CLANG_WARN_UNREACHABLE_CODE = YES;
				CLANG_WARN__DUPLICATE_METHOD_MATCH = YES;
				COPY_PHASE_STRIP = NO;
				DEBUG_INFORMATION_FORMAT = "dwarf-with-dsym";
				ENABLE_NS_ASSERTIONS = NO;
				ENABLE_STRICT_OBJC_MSGSEND = YES;
				GCC_C_LANGUAGE_STANDARD = gnu11;
				GCC_NO_COMMON_BLOCKS = YES;
				GCC_WARN_64_TO_32_BIT_CONVERSION = YES;
				GCC_WARN_ABOUT_RETURN_TYPE = YES_ERROR;
				GCC_WARN_UNDECLARED_SELECTOR = YES;
				GCC_WARN_UNINITIALIZED_AUTOS = YES_AGGRESSIVE;
				GCC_WARN_UNUSED_FUNCTION = YES;
				GCC_WARN_UNUSED_VARIABLE = YES;
				IPHONEOS_DEPLOYMENT_TARGET = 16.0;
				MTL_ENABLE_DEBUG_INFO = NO;
				MTL_FAST_MATH = YES;
				SDKROOT = iphoneos;
				SWIFT_COMPILATION_MODE = wholemodule;
				SWIFT_OPTIMIZATION_LEVEL = "-O";
				VALIDATE_PRODUCT = YES;
			};
			name = Release;
		};
		7A0D10992A57EF0C000D3BA4 /* Debug */ = {
			isa = XCBuildConfiguration;
			buildSettings = {
				ASSETCATALOG_COMPILER_APPICON_NAME = AppIcon;
				ASSETCATALOG_COMPILER_GLOBAL_ACCENT_COLOR_NAME = AccentColor;
				CODE_SIGN_STYLE = Automatic;
				CURRENT_PROJECT_VERSION = 1;
				DEVELOPMENT_TEAM = 7LZM842DGK;
				GENERATE_INFOPLIST_FILE = YES;
				INFOPLIST_FILE = MobileFinancialApp/Info.plist;
				INFOPLIST_KEY_UIApplicationSupportsIndirectInputEvents = YES;
				INFOPLIST_KEY_UILaunchStoryboardName = LaunchScreen;
				INFOPLIST_KEY_UIMainStoryboardFile = Main;
				INFOPLIST_KEY_UISupportedInterfaceOrientations_iPad = "UIInterfaceOrientationPortrait UIInterfaceOrientationPortraitUpsideDown UIInterfaceOrientationLandscapeLeft UIInterfaceOrientationLandscapeRight";
				INFOPLIST_KEY_UISupportedInterfaceOrientations_iPhone = "UIInterfaceOrientationPortrait UIInterfaceOrientationLandscapeLeft UIInterfaceOrientationLandscapeRight";
				LD_RUNPATH_SEARCH_PATHS = (
					"$(inherited)",
					"@executable_path/Frameworks",
				);
				MARKETING_VERSION = 1.0;
				PRODUCT_BUNDLE_IDENTIFIER = com.ahsenbahtisen.MobileFinancialApp;
				PRODUCT_NAME = "$(TARGET_NAME)";
				SWIFT_EMIT_LOC_STRINGS = YES;
				SWIFT_VERSION = 5.0;
				TARGETED_DEVICE_FAMILY = "1,2";
			};
			name = Debug;
		};
		7A0D109A2A57EF0C000D3BA4 /* Release */ = {
			isa = XCBuildConfiguration;
			buildSettings = {
				ASSETCATALOG_COMPILER_APPICON_NAME = AppIcon;
				ASSETCATALOG_COMPILER_GLOBAL_ACCENT_COLOR_NAME = AccentColor;
				CODE_SIGN_STYLE = Automatic;
				CURRENT_PROJECT_VERSION = 1;
				DEVELOPMENT_TEAM = 7LZM842DGK;
				GENERATE_INFOPLIST_FILE = YES;
				INFOPLIST_FILE = MobileFinancialApp/Info.plist;
				INFOPLIST_KEY_UIApplicationSupportsIndirectInputEvents = YES;
				INFOPLIST_KEY_UILaunchStoryboardName = LaunchScreen;
				INFOPLIST_KEY_UIMainStoryboardFile = Main;
				INFOPLIST_KEY_UISupportedInterfaceOrientations_iPad = "UIInterfaceOrientationPortrait UIInterfaceOrientationPortraitUpsideDown UIInterfaceOrientationLandscapeLeft UIInterfaceOrientationLandscapeRight";
				INFOPLIST_KEY_UISupportedInterfaceOrientations_iPhone = "UIInterfaceOrientationPortrait UIInterfaceOrientationLandscapeLeft UIInterfaceOrientationLandscapeRight";
				LD_RUNPATH_SEARCH_PATHS = (
					"$(inherited)",
					"@executable_path/Frameworks",
				);
				MARKETING_VERSION = 1.0;
				PRODUCT_BUNDLE_IDENTIFIER = com.ahsenbahtisen.MobileFinancialApp;
				PRODUCT_NAME = "$(TARGET_NAME)";
				SWIFT_EMIT_LOC_STRINGS = YES;
				SWIFT_VERSION = 5.0;
				TARGETED_DEVICE_FAMILY = "1,2";
			};
			name = Release;
		};
/* End XCBuildConfiguration section */

/* Begin XCConfigurationList section */
		7A0D107F2A57EF0A000D3BA4 /* Build configuration list for PBXProject "MobileFinancialApp" */ = {
			isa = XCConfigurationList;
			buildConfigurations = (
				7A0D10962A57EF0C000D3BA4 /* Debug */,
				7A0D10972A57EF0C000D3BA4 /* Release */,
			);
			defaultConfigurationIsVisible = 0;
			defaultConfigurationName = Release;
		};
		7A0D10982A57EF0C000D3BA4 /* Build configuration list for PBXNativeTarget "MobileFinancialApp" */ = {
			isa = XCConfigurationList;
			buildConfigurations = (
				7A0D10992A57EF0C000D3BA4 /* Debug */,
				7A0D109A2A57EF0C000D3BA4 /* Release */,
			);
			defaultConfigurationIsVisible = 0;
			defaultConfigurationName = Release;
		};
/* End XCConfigurationList section */

/* Begin XCRemoteSwiftPackageReference section */
		7AAAA0482A58221400F75E6D /* XCRemoteSwiftPackageReference "firebase-ios-sdk" */ = {
			isa = XCRemoteSwiftPackageReference;
			repositoryURL = "https://github.com/firebase/firebase-ios-sdk";
			requirement = {
				kind = upToNextMajorVersion;
				minimumVersion = 7.0.0;
			};
		};
		7AAAA06F2A5887D200F75E6D /* XCRemoteSwiftPackageReference "Alamofire" */ = {
			isa = XCRemoteSwiftPackageReference;
			repositoryURL = "https://github.com/Alamofire/Alamofire";
			requirement = {
				kind = upToNextMajorVersion;
				minimumVersion = 5.0.0;
			};
		};
/* End XCRemoteSwiftPackageReference section */

/* Begin XCSwiftPackageProductDependency section */
		7AAAA0492A58221400F75E6D /* FirebaseAuth */ = {
			isa = XCSwiftPackageProductDependency;
			package = 7AAAA0482A58221400F75E6D /* XCRemoteSwiftPackageReference "firebase-ios-sdk" */;
			productName = FirebaseAuth;
		};
		7AAAA04B2A58221400F75E6D /* FirebaseDatabase */ = {
			isa = XCSwiftPackageProductDependency;
			package = 7AAAA0482A58221400F75E6D /* XCRemoteSwiftPackageReference "firebase-ios-sdk" */;
			productName = FirebaseDatabase;
		};
		7AAAA0702A5887D200F75E6D /* Alamofire */ = {
			isa = XCSwiftPackageProductDependency;
			package = 7AAAA06F2A5887D200F75E6D /* XCRemoteSwiftPackageReference "Alamofire" */;
			productName = Alamofire;
		};
/* End XCSwiftPackageProductDependency section */
	};
	rootObject = 7A0D107C2A57EF0A000D3BA4 /* Project object */;
}
